// !$*UTF8*$!
{
	archiveVersion = 1;
	classes = {
	};
	objectVersion = 110;
	objects = {

/* Begin PBXBuildFile section */
		C0DEC0DE0000000000000001 /* llama.xcframework in Embed Frameworks */ = {isa = PBXBuildFile; fileRef = C0DEC0DE0000000000000002 /* llama.xcframework */; settings = {ATTRIBUTES = (CodeSignOnCopy, RemoveHeadersOnCopy, ); }; };
/* End PBXBuildFile section */

/* Begin PBXContainerItemProxy section */
		84A7D5BC3043397B007F8531 /* PBXContainerItemProxy */ = {
			isa = PBXContainerItemProxy;
			containerPortal = 84A7D5A630433979007F8531 /* Project object */;
			proxyType = 1;
			remoteGlobalIDString = 84A7D5AD30433979007F8531;
			remoteInfo = "Unsloth Companion";
		};
		84A7D5C63043397B007F8531 /* PBXContainerItemProxy */ = {
			isa = PBXContainerItemProxy;
			containerPortal = 84A7D5A630433979007F8531 /* Project object */;
			proxyType = 1;
			remoteGlobalIDString = 84A7D5AD30433979007F8531;
			remoteInfo = "Unsloth Companion";
		};
/* End PBXContainerItemProxy section */

/* Begin PBXFileReference section */
		C0DEC0DE0000000000000002 /* llama.xcframework */ = {isa = PBXFileReference; lastKnownFileType = wrapper.xcframework; path = "Unsloth Companion/Vendor/llama.xcframework"; sourceTree = "<group>"; };
		84A7D5AE30433979007F8531 /* Unsloth Companion.app */ = {isa = PBXFileReference; explicitFileType = wrapper.application; includeInIndex = 0; path = "Unsloth Companion.app"; sourceTree = BUILT_PRODUCTS_DIR; };
		84A7D5BB3043397B007F8531 /* Unsloth CompanionTests.xctest */ = {isa = PBXFileReference; explicitFileType = wrapper.cfbundle; includeInIndex = 0; path = "Unsloth CompanionTests.xctest"; sourceTree = BUILT_PRODUCTS_DIR; };
		84A7D5C53043397B007F8531 /* Unsloth CompanionUITests.xctest */ = {isa = PBXFileReference; explicitFileType = wrapper.cfbundle; includeInIndex = 0; path = "Unsloth CompanionUITests.xctest"; sourceTree = BUILT_PRODUCTS_DIR; };
/* End PBXFileReference section */

/* Begin PBXFileSystemSynchronizedRootGroup section */
		84A7D5B030433979007F8531 /* Unsloth Companion */ = {
			isa = PBXFileSystemSynchronizedRootGroup;
			path = "Unsloth Companion";
			sourceTree = "<group>";
		};
		84A7D5BE3043397B007F8531 /* Unsloth CompanionTests */ = {
			isa = PBXFileSystemSynchronizedRootGroup;
			path = "Unsloth CompanionTests";
			sourceTree = "<group>";
		};
		84A7D5C83043397B007F8531 /* Unsloth CompanionUITests */ = {
			isa = PBXFileSystemSynchronizedRootGroup;
			path = "Unsloth CompanionUITests";
			sourceTree = "<group>";
		};
/* End PBXFileSystemSynchronizedRootGroup section */

/* Begin PBXFrameworksBuildPhase section */
		84A7D5AB30433979007F8531 /* Frameworks */ = {
			isa = PBXFrameworksBuildPhase;
			files = (
			);
		};
		84A7D5B83043397B007F8531 /* Frameworks */ = {
			isa = PBXFrameworksBuildPhase;
			files = (
			);
		};
		84A7D5C23043397B007F8531 /* Frameworks */ = {
			isa = PBXFrameworksBuildPhase;
			files = (
			);
		};
/* End PBXFrameworksBuildPhase section */

/* Begin PBXGroup section */
		84A7D5A530433979007F8531 = {
			isa = PBXGroup;
			children = (
				C0DEC0DE0000000000000002 /* llama.xcframework */,
				84A7D5B030433979007F8531 /* Unsloth Companion */,
				84A7D5BE3043397B007F8531 /* Unsloth CompanionTests */,
				84A7D5C83043397B007F8531 /* Unsloth CompanionUITests */,
				84A7D5AF30433979007F8531 /* Products */,
			);
			sourceTree = "<group>";
		};
		84A7D5AF30433979007F8531 /* Products */ = {
			isa = PBXGroup;
			children = (
				84A7D5AE30433979007F8531 /* Unsloth Companion.app */,
				84A7D5BB3043397B007F8531 /* Unsloth CompanionTests.xctest */,
				84A7D5C53043397B007F8531 /* Unsloth CompanionUITests.xctest */,
			);
			name = Products;
			sourceTree = "<group>";
		};
/* End PBXGroup section */

/* Begin PBXNativeTarget section */
		84A7D5AD30433979007F8531 /* Unsloth Companion */ = {
			isa = PBXNativeTarget;
			buildConfigurationList = 84A7D5CD3043397B007F8531 /* Build configuration list for PBXNativeTarget "Unsloth Companion" */;
			buildPhases = (
				84A7D5AA30433979007F8531 /* Sources */,
				84A7D5AB30433979007F8531 /* Frameworks */,
				C0DEC0DE0000000000000003 /* Embed Frameworks */,
				84A7D5AC30433979007F8531 /* Resources */,
			);
			buildRules = (
			);
			fileSystemSynchronizedGroups = (
				84A7D5B030433979007F8531 /* Unsloth Companion */,
			);
			name = "Unsloth Companion";
			productName = "Unsloth Companion";
			productReference = 84A7D5AE30433979007F8531 /* Unsloth Companion.app */;
			productType = "com.apple.product-type.application";
		};
		84A7D5BA3043397B007F8531 /* Unsloth CompanionTests */ = {
			isa = PBXNativeTarget;
			buildConfigurationList = 84A7D5D03043397B007F8531 /* Build configuration list for PBXNativeTarget "Unsloth CompanionTests" */;
			buildPhases = (
				84A7D5B73043397B007F8531 /* Sources */,
				84A7D5B83043397B007F8531 /* Frameworks */,
				84A7D5B93043397B007F8531 /* Resources */,
			);
			buildRules = (
			);
			dependencies = (
				84A7D5BD3043397B007F8531 /* PBXTargetDependency */,
			);
			fileSystemSynchronizedGroups = (
				84A7D5BE3043397B007F8531 /* Unsloth CompanionTests */,
			);
			name = "Unsloth CompanionTests";
			productName = "Unsloth CompanionTests";
			productReference = 84A7D5BB3043397B007F8531 /* Unsloth CompanionTests.xctest */;
			productType = "com.apple.product-type.bundle.unit-test";
		};
		84A7D5C43043397B007F8531 /* Unsloth CompanionUITests */ = {
			isa = PBXNativeTarget;
			buildConfigurationList = 84A7D5D33043397B007F8531 /* Build configuration list for PBXNativeTarget "Unsloth CompanionUITests" */;
			buildPhases = (
				84A7D5C13043397B007F8531 /* Sources */,
				84A7D5C23043397B007F8531 /* Frameworks */,
				84A7D5C33043397B007F8531 /* Resources */,
			);
			buildRules = (
			);
			dependencies = (
				84A7D5C73043397B007F8531 /* PBXTargetDependency */,
			);
			fileSystemSynchronizedGroups = (
				84A7D5C83043397B007F8531 /* Unsloth CompanionUITests */,
			);
			name = "Unsloth CompanionUITests";
			productName = "Unsloth CompanionUITests";
			productReference = 84A7D5C53043397B007F8531 /* Unsloth CompanionUITests.xctest */;
			productType = "com.apple.product-type.bundle.ui-testing";
		};
/* End PBXNativeTarget section */

/* Begin PBXCopyFilesBuildPhase section */
		C0DEC0DE0000000000000003 /* Embed Frameworks */ = {
			isa = PBXCopyFilesBuildPhase;
			buildActionMask = 2147483647;
			dstPath = "";
			dstSubfolderSpec = 10;
			files = (
				C0DEC0DE0000000000000001 /* llama.xcframework in Embed Frameworks */,
			);
			name = "Embed Frameworks";
			runOnlyForDeploymentPostprocessing = 0;
		};
/* End PBXCopyFilesBuildPhase section */

/* Begin PBXProject section */
		84A7D5A630433979007F8531 /* Project object */ = {
			isa = PBXProject;
			attributes = {
				BuildIndependentTargetsInParallel = 1;
				LastSwiftUpdateCheck = 2700;
				LastUpgradeCheck = 2700;
				TargetAttributes = {
					84A7D5AD30433979007F8531 = {
						CreatedOnToolsVersion = 27.0;
					};
					84A7D5BA3043397B007F8531 = {
						CreatedOnToolsVersion = 27.0;
						TestTargetID = 84A7D5AD30433979007F8531;
					};
					84A7D5C43043397B007F8531 = {
						CreatedOnToolsVersion = 27.0;
						TestTargetID = 84A7D5AD30433979007F8531;
					};
				};
			};
			buildConfigurationList = 84A7D5A930433979007F8531 /* Build configuration list for PBXProject "Unsloth Companion" */;
			developmentRegion = en;
			hasScannedForEncodings = 0;
			knownRegions = (
				en,
				it,
				Base,
			);
			mainGroup = 84A7D5A530433979007F8531;
			minimizedProjectReferenceProxies = 1;
			preferredProjectObjectVersion = 77;
			productRefGroup = 84A7D5AF30433979007F8531 /* Products */;
			projectDirPath = "";
			projectRoot = "";
			targets = (
				84A7D5AD30433979007F8531 /* Unsloth Companion */,
				84A7D5BA3043397B007F8531 /* Unsloth CompanionTests */,
				84A7D5C43043397B007F8531 /* Unsloth CompanionUITests */,
			);
		};
/* End PBXProject section */

/* Begin PBXResourcesBuildPhase section */
		84A7D5AC30433979007F8531 /* Resources */ = {
			isa = PBXResourcesBuildPhase;
			files = (
			);
		};
		84A7D5B93043397B007F8531 /* Resources */ = {
			isa = PBXResourcesBuildPhase;
			files = (
			);
		};
		84A7D5C33043397B007F8531 /* Resources */ = {
			isa = PBXResourcesBuildPhase;
			files = (
			);
		};
/* End PBXResourcesBuildPhase section */

/* Begin PBXSourcesBuildPhase section */
		84A7D5AA30433979007F8531 /* Sources */ = {
			isa = PBXSourcesBuildPhase;
			files = (
			);
		};
		84A7D5B73043397B007F8531 /* Sources */ = {
			isa = PBXSourcesBuildPhase;
			files = (
			);
		};
		84A7D5C13043397B007F8531 /* Sources */ = {
			isa = PBXSourcesBuildPhase;
			files = (
			);
		};
/* End PBXSourcesBuildPhase section */

/* Begin PBXTargetDependency section */
		84A7D5BD3043397B007F8531 /* PBXTargetDependency */ = {
			isa = PBXTargetDependency;
			target = 84A7D5AD30433979007F8531 /* Unsloth Companion */;
			targetProxy = 84A7D5BC3043397B007F8531 /* PBXContainerItemProxy */;
		};
		84A7D5C73043397B007F8531 /* PBXTargetDependency */ = {
			isa = PBXTargetDependency;
			target = 84A7D5AD30433979007F8531 /* Unsloth Companion */;
			targetProxy = 84A7D5C63043397B007F8531 /* PBXContainerItemProxy */;
		};
/* End PBXTargetDependency section */

/* Begin XCBuildConfiguration section */
		84A7D5CB3043397B007F8531 /* Debug configuration for PBXProject "Unsloth Companion" */ = {
			isa = XCBuildConfiguration;
			buildSettings = {
				ALWAYS_SEARCH_USER_PATHS = NO;
				ASSETCATALOG_COMPILER_GENERATE_SWIFT_ASSET_SYMBOL_EXTENSIONS = YES;
				CLANG_ANALYZER_NONNULL = YES;
				CLANG_ANALYZER_NUMBER_OBJECT_CONVERSION = YES_AGGRESSIVE;
				CLANG_CXX_LANGUAGE_STANDARD = "gnu++20";
				CLANG_ENABLE_MODULES = YES;
				CLANG_ENABLE_OBJC_ARC = YES;
				CLANG_ENABLE_OBJC_WEAK = YES;
				CLANG_WARN_BLOCK_CAPTURE_AUTORELEASING = YES;
				CLANG_WARN_BOOL_CONVERSION = YES;
				CLANG_WARN_COMMA = YES;
				CLANG_WARN_CONSTANT_CONVERSION = YES;
				CLANG_WARN_DEPRECATED_OBJC_IMPLEMENTATIONS = YES;
				CLANG_WARN_DIRECT_OBJC_ISA_USAGE = YES_ERROR;
				CLANG_WARN_DOCUMENTATION_COMMENTS = YES;
				CLANG_WARN_EMPTY_BODY = YES;
				CLANG_WARN_ENUM_CONVERSION = YES;
				CLANG_WARN_INFINITE_RECURSION = YES;
				CLANG_WARN_INT_CONVERSION = YES;
				CLANG_WARN_NON_LITERAL_NULL_CONVERSION = YES;
				CLANG_WARN_OBJC_IMPLICIT_RETAIN_SELF = YES;
				CLANG_WARN_OBJC_LITERAL_CONVERSION = YES;
				CLANG_WARN_OBJC_ROOT_CLASS = YES_ERROR;
				CLANG_WARN_QUOTED_INCLUDE_IN_FRAMEWORK_HEADER = YES;
				CLANG_WARN_RANGE_LOOP_ANALYSIS = YES;
				CLANG_WARN_STRICT_PROTOTYPES = YES;
				CLANG_WARN_SUSPICIOUS_MOVE = YES;
				CLANG_WARN_UNGUARDED_AVAILABILITY = YES_AGGRESSIVE;
				CLANG_WARN_UNREACHABLE_CODE = YES;
				CLANG_WARN__DUPLICATE_METHOD_MATCH = YES;
				COPY_PHASE_STRIP = NO;
				DEBUG_INFORMATION_FORMAT = dwarf;
				DEVELOPMENT_TEAM = W47S4G8UMA;
				ENABLE_STRICT_OBJC_MSGSEND = YES;
				ENABLE_TESTABILITY = YES;
				ENABLE_USER_SCRIPT_SANDBOXING = YES;
				GCC_C_LANGUAGE_STANDARD = gnu17;
				GCC_DYNAMIC_NO_PIC = NO;
				GCC_NO_COMMON_BLOCKS = YES;
				GCC_OPTIMIZATION_LEVEL = 0;
				GCC_PREPROCESSOR_DEFINITIONS = (
					"DEBUG=1",
					"$(inherited)",
				);
				GCC_WARN_64_TO_32_BIT_CONVERSION = YES;
				GCC_WARN_ABOUT_RETURN_TYPE = YES_ERROR;
				GCC_WARN_UNDECLARED_SELECTOR = YES;
				GCC_WARN_UNINITIALIZED_AUTOS = YES_AGGRESSIVE;
				GCC_WARN_UNUSED_FUNCTION = YES;
				GCC_WARN_UNUSED_VARIABLE = YES;
				IPHONEOS_DEPLOYMENT_TARGET = 18.6;
				LOCALIZATION_PREFERS_STRING_CATALOGS = YES;
				MTL_ENABLE_DEBUG_INFO = INCLUDE_SOURCE;
				MTL_FAST_MATH = YES;
				ONLY_ACTIVE_ARCH = YES;
				SDKROOT = iphoneos;
				SWIFT_ACTIVE_COMPILATION_CONDITIONS = "DEBUG $(inherited)";
				SWIFT_OPTIMIZATION_LEVEL = "-Onone";
			};
			name = Debug;
		};
		84A7D5CC3043397B007F8531 /* Release configuration for PBXProject "Unsloth Companion" */ = {
			isa = XCBuildConfiguration;
			buildSettings = {
				ALWAYS_SEARCH_USER_PATHS = NO;
				ASSETCATALOG_COMPILER_GENERATE_SWIFT_ASSET_SYMBOL_EXTENSIONS = YES;
				CLANG_ANALYZER_NONNULL = YES;
				CLANG_ANALYZER_NUMBER_OBJECT_CONVERSION = YES_AGGRESSIVE;
				CLANG_CXX_LANGUAGE_STANDARD = "gnu++20";
				CLANG_ENABLE_MODULES = YES;
				CLANG_ENABLE_OBJC_ARC = YES;
				CLANG_ENABLE_OBJC_WEAK = YES;
				CLANG_WARN_BLOCK_CAPTURE_AUTORELEASING = YES;
				CLANG_WARN_BOOL_CONVERSION = YES;
				CLANG_WARN_COMMA = YES;
				CLANG_WARN_CONSTANT_CONVERSION = YES;
				CLANG_WARN_DEPRECATED_OBJC_IMPLEMENTATIONS = YES;
				CLANG_WARN_DIRECT_OBJC_ISA_USAGE = YES_ERROR;
				CLANG_WARN_DOCUMENTATION_COMMENTS = YES;
				CLANG_WARN_EMPTY_BODY = YES;
				CLANG_WARN_ENUM_CONVERSION = YES;
				CLANG_WARN_INFINITE_RECURSION = YES;
				CLANG_WARN_INT_CONVERSION = YES;
				CLANG_WARN_NON_LITERAL_NULL_CONVERSION = YES;
				CLANG_WARN_OBJC_IMPLICIT_RETAIN_SELF = YES;
				CLANG_WARN_OBJC_LITERAL_CONVERSION = YES;
				CLANG_WARN_OBJC_ROOT_CLASS = YES_ERROR;
				CLANG_WARN_QUOTED_INCLUDE_IN_FRAMEWORK_HEADER = YES;
				CLANG_WARN_RANGE_LOOP_ANALYSIS = YES;
				CLANG_WARN_STRICT_PROTOTYPES = YES;
				CLANG_WARN_SUSPICIOUS_MOVE = YES;
				CLANG_WARN_UNGUARDED_AVAILABILITY = YES_AGGRESSIVE;
				CLANG_WARN_UNREACHABLE_CODE = YES;
				CLANG_WARN__DUPLICATE_METHOD_MATCH = YES;
				COPY_PHASE_STRIP = NO;
				DEBUG_INFORMATION_FORMAT = "dwarf-with-dsym";
				DEVELOPMENT_TEAM = W47S4G8UMA;
				ENABLE_NS_ASSERTIONS = NO;
				ENABLE_STRICT_OBJC_MSGSEND = YES;
				ENABLE_USER_SCRIPT_SANDBOXING = YES;
				GCC_C_LANGUAGE_STANDARD = gnu17;
				GCC_NO_COMMON_BLOCKS = YES;
				GCC_WARN_64_TO_32_BIT_CONVERSION = YES;
				GCC_WARN_ABOUT_RETURN_TYPE = YES_ERROR;
				GCC_WARN_UNDECLARED_SELECTOR = YES;
				GCC_WARN_UNINITIALIZED_AUTOS = YES_AGGRESSIVE;
				GCC_WARN_UNUSED_FUNCTION = YES;
				GCC_WARN_UNUSED_VARIABLE = YES;
				IPHONEOS_DEPLOYMENT_TARGET = 18.6;
				LOCALIZATION_PREFERS_STRING_CATALOGS = YES;
				MTL_ENABLE_DEBUG_INFO = NO;
				MTL_FAST_MATH = YES;
				SDKROOT = iphoneos;
				SWIFT_COMPILATION_MODE = wholemodule;
				VALIDATE_PRODUCT = YES;
			};
			name = Release;
		};
		84A7D5CE3043397B007F8531 /* Debug configuration for PBXNativeTarget "Unsloth Companion" */ = {
			isa = XCBuildConfiguration;
			buildSettings = {
				ASSETCATALOG_COMPILER_APPICON_NAME = AppIcon;
				ASSETCATALOG_COMPILER_GLOBAL_ACCENT_COLOR_NAME = AccentColor;
				CODE_SIGN_STYLE = Automatic;
				CURRENT_PROJECT_VERSION = 3;
				DEVELOPMENT_TEAM = W47S4G8UMA;
				ENABLE_PREVIEWS = YES;
				GENERATE_INFOPLIST_FILE = YES;
				INFOPLIST_FILE = Config/Info.plist;
				INFOPLIST_KEY_LSApplicationCategoryType = "public.app-category.utilities";
				INFOPLIST_KEY_NSCameraUsageDescription = "Camera access is used only after local confirmation to process images on this iPhone.";
				INFOPLIST_KEY_NSBonjourServices = "_unsloth-cp._tcp.";
				INFOPLIST_KEY_NSLocalNetworkUsageDescription = "Unsloth Companion uses the local network to receive private tasks from your paired Mac.";
				INFOPLIST_KEY_NSMicrophoneUsageDescription = "Microphone access is used only after local confirmation to process audio on this iPhone.";
				INFOPLIST_KEY_UIApplicationSceneManifest_Generation = YES;
				INFOPLIST_KEY_UIApplicationSupportsIndirectInputEvents = YES;
				INFOPLIST_KEY_UILaunchScreen_Generation = YES;
				INFOPLIST_KEY_UISupportedInterfaceOrientations_iPad = "UIInterfaceOrientationPortrait UIInterfaceOrientationPortraitUpsideDown UIInterfaceOrientationLandscapeLeft UIInterfaceOrientationLandscapeRight";
				INFOPLIST_KEY_UISupportedInterfaceOrientations_iPhone = "UIInterfaceOrientationPortrait UIInterfaceOrientationLandscapeLeft UIInterfaceOrientationLandscapeRight";
				IPHONEOS_DEPLOYMENT_TARGET = 18.6;
				LD_RUNPATH_SEARCH_PATHS = (
					"$(inherited)",
					"@executable_path/Frameworks",
				);
				MARKETING_VERSION = 0.0.1;
				PRODUCT_BUNDLE_IDENTIFIER = "com.OvenTeam.app.Unsloth-Companion";
				PRODUCT_NAME = "$(TARGET_NAME)";
				STRING_CATALOG_GENERATE_SYMBOLS = YES;
				SWIFT_APPROACHABLE_CONCURRENCY = YES;
				SWIFT_EMIT_LOC_STRINGS = YES;
				SWIFT_UPCOMING_FEATURE_MEMBER_IMPORT_VISIBILITY = YES;
				SWIFT_VERSION = 5.0;
				TARGETED_DEVICE_FAMILY = 1;
			};
			name = Debug;
		};
		84A7D5CF3043397B007F8531 /* Release configuration for PBXNativeTarget "Unsloth Companion" */ = {
			isa = XCBuildConfiguration;
			buildSettings = {
				ASSETCATALOG_COMPILER_APPICON_NAME = AppIcon;
				ASSETCATALOG_COMPILER_GLOBAL_ACCENT_COLOR_NAME = AccentColor;
				CLANG_COVERAGE_MAPPING = NO;
				CODE_SIGN_STYLE = Automatic;
				CURRENT_PROJECT_VERSION = 3;
				DEVELOPMENT_TEAM = W47S4G8UMA;
				ENABLE_PREVIEWS = YES;
				ENABLE_CODE_COVERAGE = NO;
				GCC_GENERATE_TEST_COVERAGE_FILES = NO;
				GCC_INSTRUMENT_PROGRAM_FLOW_ARCS = NO;
				GENERATE_INFOPLIST_FILE = YES;
				INFOPLIST_FILE = Config/Info.plist;
				INFOPLIST_KEY_LSApplicationCategoryType = "public.app-category.utilities";
				INFOPLIST_KEY_NSCameraUsageDescription = "Camera access is used only after local confirmation to process images on this iPhone.";
				INFOPLIST_KEY_NSBonjourServices = "_unsloth-cp._tcp.";
				INFOPLIST_KEY_NSLocalNetworkUsageDescription = "Unsloth Companion uses the local network to receive private tasks from your paired Mac.";
				INFOPLIST_KEY_NSMicrophoneUsageDescription = "Microphone access is used only after local confirmation to process audio on this iPhone.";
				INFOPLIST_KEY_UIApplicationSceneManifest_Generation = YES;
				INFOPLIST_KEY_UIApplicationSupportsIndirectInputEvents = YES;
				INFOPLIST_KEY_UILaunchScreen_Generation = YES;
				INFOPLIST_KEY_UISupportedInterfaceOrientations_iPad = "UIInterfaceOrientationPortrait UIInterfaceOrientationPortraitUpsideDown UIInterfaceOrientationLandscapeLeft UIInterfaceOrientationLandscapeRight";
				INFOPLIST_KEY_UISupportedInterfaceOrientations_iPhone = "UIInterfaceOrientationPortrait UIInterfaceOrientationLandscapeLeft UIInterfaceOrientationLandscapeRight";
				IPHONEOS_DEPLOYMENT_TARGET = 18.6;
				LD_RUNPATH_SEARCH_PATHS = (
					"$(inherited)",
					"@executable_path/Frameworks",
				);
				MARKETING_VERSION = 0.0.1;
				PRODUCT_BUNDLE_IDENTIFIER = "com.OvenTeam.app.Unsloth-Companion";
				PRODUCT_NAME = "$(TARGET_NAME)";
				STRING_CATALOG_GENERATE_SYMBOLS = YES;
				SWIFT_APPROACHABLE_CONCURRENCY = YES;
				SWIFT_EMIT_LOC_STRINGS = YES;
				SWIFT_UPCOMING_FEATURE_MEMBER_IMPORT_VISIBILITY = YES;
				SWIFT_VERSION = 5.0;
				TARGETED_DEVICE_FAMILY = 1;
			};
			name = Release;
		};
		84A7D5D13043397B007F8531 /* Debug configuration for PBXNativeTarget "Unsloth CompanionTests" */ = {
			isa = XCBuildConfiguration;
			buildSettings = {
				BUNDLE_LOADER = "$(TEST_HOST)";
				CODE_SIGN_STYLE = Automatic;
				CURRENT_PROJECT_VERSION = 1;
				DEVELOPMENT_TEAM = W47S4G8UMA;
				GENERATE_INFOPLIST_FILE = YES;
				IPHONEOS_DEPLOYMENT_TARGET = 18.6;
				MARKETING_VERSION = 1.0;
				PRODUCT_BUNDLE_IDENTIFIER = "com.OvenTeam.app.Unsloth-CompanionTests";
				PRODUCT_NAME = "$(TARGET_NAME)";
				STRING_CATALOG_GENERATE_SYMBOLS = NO;
				SWIFT_APPROACHABLE_CONCURRENCY = YES;
				SWIFT_EMIT_LOC_STRINGS = NO;
				SWIFT_UPCOMING_FEATURE_MEMBER_IMPORT_VISIBILITY = YES;
				SWIFT_VERSION = 5.0;
				TARGETED_DEVICE_FAMILY = 1;
				TEST_HOST = "$(BUILT_PRODUCTS_DIR)/Unsloth Companion.app/$(BUNDLE_EXECUTABLE_FOLDER_PATH)/Unsloth Companion";
			};
			name = Debug;
		};
		84A7D5D23043397B007F8531 /* Release configuration for PBXNativeTarget "Unsloth CompanionTests" */ = {
			isa = XCBuildConfiguration;
			buildSettings = {
				BUNDLE_LOADER = "$(TEST_HOST)";
				CODE_SIGN_STYLE = Automatic;
				CURRENT_PROJECT_VERSION = 1;
				DEVELOPMENT_TEAM = W47S4G8UMA;
				GENERATE_INFOPLIST_FILE = YES;
				IPHONEOS_DEPLOYMENT_TARGET = 18.6;
				MARKETING_VERSION = 1.0;
				PRODUCT_BUNDLE_IDENTIFIER = "com.OvenTeam.app.Unsloth-CompanionTests";
				PRODUCT_NAME = "$(TARGET_NAME)";
				STRING_CATALOG_GENERATE_SYMBOLS = NO;
				SWIFT_APPROACHABLE_CONCURRENCY = YES;
				SWIFT_EMIT_LOC_STRINGS = NO;
				SWIFT_UPCOMING_FEATURE_MEMBER_IMPORT_VISIBILITY = YES;
				SWIFT_VERSION = 5.0;
				TARGETED_DEVICE_FAMILY = 1;
				TEST_HOST = "$(BUILT_PRODUCTS_DIR)/Unsloth Companion.app/$(BUNDLE_EXECUTABLE_FOLDER_PATH)/Unsloth Companion";
			};
			name = Release;
		};
		84A7D5D43043397B007F8531 /* Debug configuration for PBXNativeTarget "Unsloth CompanionUITests" */ = {
			isa = XCBuildConfiguration;
			buildSettings = {
				CODE_SIGN_STYLE = Automatic;
				CURRENT_PROJECT_VERSION = 1;
				DEVELOPMENT_TEAM = W47S4G8UMA;
				GENERATE_INFOPLIST_FILE = YES;
				IPHONEOS_DEPLOYMENT_TARGET = 18.6;
				MARKETING_VERSION = 1.0;
				PRODUCT_BUNDLE_IDENTIFIER = "com.OvenTeam.app.Unsloth-CompanionUITests";
				PRODUCT_NAME = "$(TARGET_NAME)";
				STRING_CATALOG_GENERATE_SYMBOLS = NO;
				SWIFT_APPROACHABLE_CONCURRENCY = YES;
				SWIFT_EMIT_LOC_STRINGS = NO;
				SWIFT_UPCOMING_FEATURE_MEMBER_IMPORT_VISIBILITY = YES;
				SWIFT_VERSION = 5.0;
				TARGETED_DEVICE_FAMILY = 1;
				TEST_TARGET_NAME = "Unsloth Companion";
			};
			name = Debug;
		};
		84A7D5D53043397B007F8531 /* Release configuration for PBXNativeTarget "Unsloth CompanionUITests" */ = {
			isa = XCBuildConfiguration;
			buildSettings = {
				CODE_SIGN_STYLE = Automatic;
				CURRENT_PROJECT_VERSION = 1;
				DEVELOPMENT_TEAM = W47S4G8UMA;
				GENERATE_INFOPLIST_FILE = YES;
				IPHONEOS_DEPLOYMENT_TARGET = 18.6;
				MARKETING_VERSION = 1.0;
				PRODUCT_BUNDLE_IDENTIFIER = "com.OvenTeam.app.Unsloth-CompanionUITests";
				PRODUCT_NAME = "$(TARGET_NAME)";
				STRING_CATALOG_GENERATE_SYMBOLS = NO;
				SWIFT_APPROACHABLE_CONCURRENCY = YES;
				SWIFT_EMIT_LOC_STRINGS = NO;
				SWIFT_UPCOMING_FEATURE_MEMBER_IMPORT_VISIBILITY = YES;
				SWIFT_VERSION = 5.0;
				TARGETED_DEVICE_FAMILY = 1;
				TEST_TARGET_NAME = "Unsloth Companion";
			};
			name = Release;
		};
/* End XCBuildConfiguration section */

/* Begin XCConfigurationList section */
		84A7D5A930433979007F8531 /* Build configuration list for PBXProject "Unsloth Companion" */ = {
			isa = XCConfigurationList;
			buildConfigurations = (
				84A7D5CB3043397B007F8531 /* Debug configuration for PBXProject "Unsloth Companion" */,
				84A7D5CC3043397B007F8531 /* Release configuration for PBXProject "Unsloth Companion" */,
			);
			defaultConfigurationName = Release;
		};
		84A7D5CD3043397B007F8531 /* Build configuration list for PBXNativeTarget "Unsloth Companion" */ = {
			isa = XCConfigurationList;
			buildConfigurations = (
				84A7D5CE3043397B007F8531 /* Debug configuration for PBXNativeTarget "Unsloth Companion" */,
				84A7D5CF3043397B007F8531 /* Release configuration for PBXNativeTarget "Unsloth Companion" */,
			);
			defaultConfigurationName = Release;
		};
		84A7D5D03043397B007F8531 /* Build configuration list for PBXNativeTarget "Unsloth CompanionTests" */ = {
			isa = XCConfigurationList;
			buildConfigurations = (
				84A7D5D13043397B007F8531 /* Debug configuration for PBXNativeTarget "Unsloth CompanionTests" */,
				84A7D5D23043397B007F8531 /* Release configuration for PBXNativeTarget "Unsloth CompanionTests" */,
			);
			defaultConfigurationName = Release;
		};
		84A7D5D33043397B007F8531 /* Build configuration list for PBXNativeTarget "Unsloth CompanionUITests" */ = {
			isa = XCConfigurationList;
			buildConfigurations = (
				84A7D5D43043397B007F8531 /* Debug configuration for PBXNativeTarget "Unsloth CompanionUITests" */,
				84A7D5D53043397B007F8531 /* Release configuration for PBXNativeTarget "Unsloth CompanionUITests" */,
			);
			defaultConfigurationName = Release;
		};
/* End XCConfigurationList section */
	};
	rootObject = 84A7D5A630433979007F8531 /* Project object */;
	validationLevel = 1;
}
